
Microsoft Visual Studio Solution File, Format Version 12.00
# Visual Studio 15
VisualStudioVersion = 15.0.27428.2037
MinimumVisualStudioVersion = 10.0.40219.1
Project("{8BC9CEB8-8B4A-11D0-8D11-00A0C91BC942}") = "StormScript", "StormScript\StormScript.vcxproj", "{1EE83D6C-0E1F-4698-9B92-7ADF0892E16F}"
EndProject
Global
	GlobalSection(SolutionConfigurationPlatforms) = preSolution
		Compiled|x64 = Compiled|x64
		Compiled|x86 = Compiled|x86
		Debug|x64 = Debug|x64
		Debug|x86 = Debug|x86
		Release|x64 = Release|x64
		Release|x86 = Release|x86
	EndGlobalSection
	GlobalSection(ProjectConfigurationPlatforms) = postSolution
		{1EE83D6C-0E1F-4698-9B92-7ADF0892E16F}.Compiled|x64.ActiveCfg = Compiled|x64
		{1EE83D6C-0E1F-4698-9B92-7ADF0892E16F}.Compiled|x64.Build.0 = Compiled|x64
		{1EE83D6C-0E1F-4698-9B92-7ADF0892E16F}.Compiled|x86.ActiveCfg = Compiled|x64
		{1EE83D6C-0E1F-4698-9B92-7ADF0892E16F}.Compiled|x86.Build.0 = Compiled|x64
		{1EE83D6C-0E1F-4698-9B92-7ADF0892E16F}.Debug|x64.ActiveCfg = Debug|Win32
		{1EE83D6C-0E1F-4698-9B92-7ADF0892E16F}.Debug|x64.Build.0 = Debug|Win32
		{1EE83D6C-0E1F-4698-9B92-7ADF0892E16F}.Debug|x86.ActiveCfg = Debug|Win32
		{1EE83D6C-0E1F-4698-9B92-7ADF0892E16F}.Debug|x86.Build.0 = Debug|Win32
		{1EE83D6C-0E1F-4698-9B92-7ADF0892E16F}.Release|x64.ActiveCfg = Release|x64
		{1EE83D6C-0E1F-4698-9B92-7ADF0892E16F}.Release|x64.Build.0 = Release|x64
		{1EE83D6C-0E1F-4698-9B92-7ADF0892E16F}.Release|x86.ActiveCfg = Release|Win32
		{1EE83D6C-0E1F-4698-9B92-7ADF0892E16F}.Release|x86.Build.0 = Release|Win32
	EndGlobalSection
	GlobalSection(SolutionProperties) = preSolution
		HideSolutionNode = FALSE
	EndGlobalSection
	GlobalSection(ExtensibilityGlobals) = postSolution
		SolutionGuid = {5A20BCBB-DEE5-4C97-90F7-54FDEF34F835}
	EndGlobalSection
EndGlobal
